
Microsoft Visual Studio Solution File, Format Version 12.00
# Visual Studio Version 17
VisualStudioVersion = 17.13.35919.96 d17.13
MinimumVisualStudioVersion = 10.0.40219.1
Project("{FAE04EC0-301F-11D3-BF4B-00C04F79EFBC}") = "JogosQuaseImpossiveis", "JogosQuaseImpossiveis.csproj", "{15D04F76-328E-4E4B-8FBE-341C2138D615}"
EndProject
Global
	GlobalSection(SolutionConfigurationPlatforms) = preSolution
		Debug|Any CPU = Debug|Any CPU
		Release|Any CPU = Release|Any CPU
	EndGlobalSection
	GlobalSection(ProjectConfigurationPlatforms) = postSolution
		{15D04F76-328E-4E4B-8FBE-341C2138D615}.Debug|Any CPU.ActiveCfg = Debug|Any CPU
		{15D04F76-328E-4E4B-8FBE-341C2138D615}.Debug|Any CPU.Build.0 = Debug|Any CPU
		{15D04F76-328E-4E4B-8FBE-341C2138D615}.Release|Any CPU.ActiveCfg = Release|Any CPU
		{15D04F76-328E-4E4B-8FBE-341C2138D615}.Release|Any CPU.Build.0 = Release|Any CPU
	EndGlobalSection
	GlobalSection(SolutionProperties) = preSolution
		HideSolutionNode = FALSE
	EndGlobalSection
	GlobalSection(ExtensibilityGlobals) = postSolution
		SolutionGuid = {A1563D05-DB9D-4D0D-A8F0-B601D08FF540}
	EndGlobalSection
EndGlobal
